PODS:
  - Alamofire (4.9.1)
  - Kingfisher (7.6.1)

DEPENDENCIES:
  - Alamofire (~> 4.3)
  - Kingfisher (~> 7.0)

SPEC REPOS:
  trunk:
    - Alamofire
    - Kingfisher

SPEC CHECKSUMS:
  Alamofire: 85e8a02c69d6020a0d734f6054870d7ecb75cf18
  Kingfisher: 93a3c6d0d551658a31e19f21747e1d15cb39d525

PODFILE CHECKSUM: 01693ef66990c3eb32f2e9c09ab6ee67599ca594

COCOAPODS: 1.11.3
